// !$*UTF8*$!
{
	archiveVersion = 1;
	classes = {
	};
	objectVersion = 70;
	objects = {

/* Begin PBXBuildFile section */
		7E553BF92EF5FBD100862B45 /* RealTimeChatApp.swift in Sources */ = {isa = PBXBuildFile; fileRef = 7E553BF82EF5FBD100862B45 /* RealTimeChatApp.swift */; };
		7E553BFB2EF5FBD100862B45 /* ContentView.swift in Sources */ = {isa = PBXBuildFile; fileRef = 7E553BFA2EF5FBD100862B45 /* ContentView.swift */; };
		7E553BFD2EF5FBD300862B45 /* Assets.xcassets in Resources */ = {isa = PBXBuildFile; fileRef = 7E553BFC2EF5FBD300862B45 /* Assets.xcassets */; };
		7E553C002EF5FBD300862B45 /* Preview Assets.xcassets in Resources */ = {isa = PBXBuildFile; fileRef = 7E553BFF2EF5FBD300862B45 /* Preview Assets.xcassets */; };
		7E553C0A2EF5FBD300862B45 /* RealTimeChatTests.swift in Sources */ = {isa = PBXBuildFile; fileRef = 7E553C092EF5FBD300862B45 /* RealTimeChatTests.swift */; };
		7E553C142EF5FBD300862B45 /* RealTimeChatUITests.swift in Sources */ = {isa = PBXBuildFile; fileRef = 7E553C132EF5FBD300862B45 /* RealTimeChatUITests.swift */; };
		7E553C162EF5FBD300862B45 /* RealTimeChatUITestsLaunchTests.swift in Sources */ = {isa = PBXBuildFile; fileRef = 7E553C152EF5FBD300862B45 /* RealTimeChatUITestsLaunchTests.swift */; };
/* End PBXBuildFile section */

/* Begin PBXContainerItemProxy section */
		7E553C062EF5FBD300862B45 /* PBXContainerItemProxy */ = {
			isa = PBXContainerItemProxy;
			containerPortal = 7E553BED2EF5FBD100862B45 /* Project object */;
			proxyType = 1;
			remoteGlobalIDString = 7E553BF42EF5FBD100862B45;
			remoteInfo = RealTimeChat;
		};
		7E553C102EF5FBD300862B45 /* PBXContainerItemProxy */ = {
			isa = PBXContainerItemProxy;
			containerPortal = 7E553BED2EF5FBD100862B45 /* Project object */;
			proxyType = 1;
			remoteGlobalIDString = 7E553BF42EF5FBD100862B45;
			remoteInfo = RealTimeChat;
		};
/* End PBXContainerItemProxy section */

/* Begin PBXFileReference section */
		7E553BF52EF5FBD100862B45 /* RealTimeChat.app */ = {isa = PBXFileReference; explicitFileType = wrapper.application; includeInIndex = 0; path = RealTimeChat.app; sourceTree = BUILT_PRODUCTS_DIR; };
		7E553BF82EF5FBD100862B45 /* RealTimeChatApp.swift */ = {isa = PBXFileReference; lastKnownFileType = sourcecode.swift; path = RealTimeChatApp.swift; sourceTree = "<group>"; };
		7E553BFA2EF5FBD100862B45 /* ContentView.swift */ = {isa = PBXFileReference; lastKnownFileType = sourcecode.swift; path = ContentView.swift; sourceTree = "<group>"; };
		7E553BFC2EF5FBD300862B45 /* Assets.xcassets */ = {isa = PBXFileReference; lastKnownFileType = folder.assetcatalog; path = Assets.xcassets; sourceTree = "<group>"; };
		7E553BFF2EF5FBD300862B45 /* Preview Assets.xcassets */ = {isa = PBXFileReference; lastKnownFileType = folder.assetcatalog; path = "Preview Assets.xcassets"; sourceTree = "<group>"; };
		7E553C052EF5FBD300862B45 /* RealTimeChatTests.xctest */ = {isa = PBXFileReference; explicitFileType = wrapper.cfbundle; includeInIndex = 0; path = RealTimeChatTests.xctest; sourceTree = BUILT_PRODUCTS_DIR; };
		7E553C092EF5FBD300862B45 /* RealTimeChatTests.swift */ = {isa = PBXFileReference; lastKnownFileType = sourcecode.swift; path = RealTimeChatTests.swift; sourceTree = "<group>"; };
		7E553C0F2EF5FBD300862B45 /* RealTimeChatUITests.xctest */ = {isa = PBXFileReference; explicitFileType = wrapper.cfbundle; includeInIndex = 0; path = RealTimeChatUITests.xctest; sourceTree = BUILT_PRODUCTS_DIR; };
		7E553C132EF5FBD300862B45 /* RealTimeChatUITests.swift */ = {isa = PBXFileReference; lastKnownFileType = sourcecode.swift; path = RealTimeChatUITests.swift; sourceTree = "<group>"; };
		7E553C152EF5FBD300862B45 /* RealTimeChatUITestsLaunchTests.swift */ = {isa = PBXFileReference; lastKnownFileType = sourcecode.swift; path = RealTimeChatUITestsLaunchTests.swift; sourceTree = "<group>"; };
/* End PBXFileReference section */

/* Begin PBXFileSystemSynchronizedRootGroup section */
		6F8DDC6A2EF763D300C6B47A /* Authentication */ = {isa = PBXFileSystemSynchronizedRootGroup; explicitFileTypes = {}; explicitFolders = (); path = Authentication; sourceTree = "<group>"; };
		6F8DDC6E2EF76A7900C6B47A /* Utils */ = {isa = PBXFileSystemSynchronizedRootGroup; explicitFileTypes = {}; explicitFolders = (); path = Utils; sourceTree = "<group>"; };
/* End PBXFileSystemSynchronizedRootGroup section */

/* Begin PBXFrameworksBuildPhase section */
		7E553BF22EF5FBD100862B45 /* Frameworks */ = {
			isa = PBXFrameworksBuildPhase;
			buildActionMask = 2147483647;
			files = (
			);
			runOnlyForDeploymentPostprocessing = 0;
		};
		7E553C022EF5FBD300862B45 /* Frameworks */ = {
			isa = PBXFrameworksBuildPhase;
			buildActionMask = 2147483647;
			files = (
			);
			runOnlyForDeploymentPostprocessing = 0;
		};
		7E553C0C2EF5FBD300862B45 /* Frameworks */ = {
			isa = PBXFrameworksBuildPhase;
			buildActionMask = 2147483647;
			files = (
			);
			runOnlyForDeploymentPostprocessing = 0;
		};
/* End PBXFrameworksBuildPhase section */

/* Begin PBXGroup section */
		7E553BEC2EF5FBD100862B45 = {
			isa = PBXGroup;
			children = (
				7E553BF72EF5FBD100862B45 /* RealTimeChat */,
				7E553C082EF5FBD300862B45 /* RealTimeChatTests */,
				7E553C122EF5FBD300862B45 /* RealTimeChatUITests */,
				7E553BF62EF5FBD100862B45 /* Products */,
			);
			sourceTree = "<group>";
		};
		7E553BF62EF5FBD100862B45 /* Products */ = {
			isa = PBXGroup;
			children = (
				7E553BF52EF5FBD100862B45 /* RealTimeChat.app */,
				7E553C052EF5FBD300862B45 /* RealTimeChatTests.xctest */,
				7E553C0F2EF5FBD300862B45 /* RealTimeChatUITests.xctest */,
			);
			name = Products;
			sourceTree = "<group>";
		};
		7E553BF72EF5FBD100862B45 /* RealTimeChat */ = {
			isa = PBXGroup;
			children = (
				6F8DDC6A2EF763D300C6B47A /* Authentication */,
				7E553BF82EF5FBD100862B45 /* RealTimeChatApp.swift */,
				7E553BFA2EF5FBD100862B45 /* ContentView.swift */,
				7E553BFC2EF5FBD300862B45 /* Assets.xcassets */,
				7E553BFE2EF5FBD300862B45 /* Preview Content */,
				6F8DDC6E2EF76A7900C6B47A /* Utils */,
			);
			path = RealTimeChat;
			sourceTree = "<group>";
		};
		7E553BFE2EF5FBD300862B45 /* Preview Content */ = {
			isa = PBXGroup;
			children = (
				7E553BFF2EF5FBD300862B45 /* Preview Assets.xcassets */,
			);
			path = "Preview Content";
			sourceTree = "<group>";
		};
		7E553C082EF5FBD300862B45 /* RealTimeChatTests */ = {
			isa = PBXGroup;
			children = (
				7E553C092EF5FBD300862B45 /* RealTimeChatTests.swift */,
			);
			path = RealTimeChatTests;
			sourceTree = "<group>";
		};
		7E553C122EF5FBD300862B45 /* RealTimeChatUITests */ = {
			isa = PBXGroup;
			children = (
				7E553C132EF5FBD300862B45 /* RealTimeChatUITests.swift */,
				7E553C152EF5FBD300862B45 /* RealTimeChatUITestsLaunchTests.swift */,
			);
			path = RealTimeChatUITests;
			sourceTree = "<group>";
		};
/* End PBXGroup section */

/* Begin PBXNativeTarget section */
		7E553BF42EF5FBD100862B45 /* RealTimeChat */ = {
			isa = PBXNativeTarget;
			buildConfigurationList = 7E553C192EF5FBD300862B45 /* Build configuration list for PBXNativeTarget "RealTimeChat" */;
			buildPhases = (
				7E553BF12EF5FBD100862B45 /* Sources */,
				7E553BF22EF5FBD100862B45 /* Frameworks */,
				7E553BF32EF5FBD100862B45 /* Resources */,
			);
			buildRules = (
			);
			dependencies = (
			);
			fileSystemSynchronizedGroups = (
				6F8DDC6A2EF763D300C6B47A /* Authentication */,
				6F8DDC6E2EF76A7900C6B47A /* Utils */,
			);
			name = RealTimeChat;
			productName = RealTimeChat;
			productReference = 7E553BF52EF5FBD100862B45 /* RealTimeChat.app */;
			productType = "com.apple.product-type.application";
		};
		7E553C042EF5FBD300862B45 /* RealTimeChatTests */ = {
			isa = PBXNativeTarget;
			buildConfigurationList = 7E553C1C2EF5FBD300862B45 /* Build configuration list for PBXNativeTarget "RealTimeChatTests" */;
			buildPhases = (
				7E553C012EF5FBD300862B45 /* Sources */,
				7E553C022EF5FBD300862B45 /* Frameworks */,
				7E553C032EF5FBD300862B45 /* Resources */,
			);
			buildRules = (
			);
			dependencies = (
				7E553C072EF5FBD300862B45 /* PBXTargetDependency */,
			);
			name = RealTimeChatTests;
			productName = RealTimeChatTests;
			productReference = 7E553C052EF5FBD300862B45 /* RealTimeChatTests.xctest */;
			productType = "com.apple.product-type.bundle.unit-test";
		};
		7E553C0E2EF5FBD300862B45 /* RealTimeChatUITests */ = {
			isa = PBXNativeTarget;
			buildConfigurationList = 7E553C1F2EF5FBD300862B45 /* Build configuration list for PBXNativeTarget "RealTimeChatUITests" */;
			buildPhases = (
				7E553C0B2EF5FBD300862B45 /* Sources */,
				7E553C0C2EF5FBD300862B45 /* Frameworks */,
				7E553C0D2EF5FBD300862B45 /* Resources */,
			);
			buildRules = (
			);
			dependencies = (
				7E553C112EF5FBD300862B45 /* PBXTargetDependency */,
			);
			name = RealTimeChatUITests;
			productName = RealTimeChatUITests;
			productReference = 7E553C0F2EF5FBD300862B45 /* RealTimeChatUITests.xctest */;
			productType = "com.apple.product-type.bundle.ui-testing";
		};
/* End PBXNativeTarget section */

/* Begin PBXProject section */
		7E553BED2EF5FBD100862B45 /* Project object */ = {
			isa = PBXProject;
			attributes = {
				BuildIndependentTargetsInParallel = 1;
				LastSwiftUpdateCheck = 1430;
				LastUpgradeCheck = 1430;
				TargetAttributes = {
					7E553BF42EF5FBD100862B45 = {
						CreatedOnToolsVersion = 14.3.1;
					};
					7E553C042EF5FBD300862B45 = {
						CreatedOnToolsVersion = 14.3.1;
						TestTargetID = 7E553BF42EF5FBD100862B45;
					};
					7E553C0E2EF5FBD300862B45 = {
						CreatedOnToolsVersion = 14.3.1;
						TestTargetID = 7E553BF42EF5FBD100862B45;
					};
				};
			};
			buildConfigurationList = 7E553BF02EF5FBD100862B45 /* Build configuration list for PBXProject "RealTimeChat" */;
			compatibilityVersion = "Xcode 14.0";
			developmentRegion = en;
			hasScannedForEncodings = 0;
			knownRegions = (
				en,
				Base,
			);
			mainGroup = 7E553BEC2EF5FBD100862B45;
			productRefGroup = 7E553BF62EF5FBD100862B45 /* Products */;
			projectDirPath = "";
			projectRoot = "";
			targets = (
				7E553BF42EF5FBD100862B45 /* RealTimeChat */,
				7E553C042EF5FBD300862B45 /* RealTimeChatTests */,
				7E553C0E2EF5FBD300862B45 /* RealTimeChatUITests */,
			);
		};
/* End PBXProject section */

/* Begin PBXResourcesBuildPhase section */
		7E553BF32EF5FBD100862B45 /* Resources */ = {
			isa = PBXResourcesBuildPhase;
			buildActionMask = 2147483647;
			files = (
				7E553C002EF5FBD300862B45 /* Preview Assets.xcassets in Resources */,
				7E553BFD2EF5FBD300862B45 /* Assets.xcassets in Resources */,
			);
			runOnlyForDeploymentPostprocessing = 0;
		};
		7E553C032EF5FBD300862B45 /* Resources */ = {
			isa = PBXResourcesBuildPhase;
			buildActionMask = 2147483647;
			files = (
			);
			runOnlyForDeploymentPostprocessing = 0;
		};
		7E553C0D2EF5FBD300862B45 /* Resources */ = {
			isa = PBXResourcesBuildPhase;
			buildActionMask = 2147483647;
			files = (
			);
			runOnlyForDeploymentPostprocessing = 0;
		};
/* End PBXResourcesBuildPhase section */

/* Begin PBXSourcesBuildPhase section */
		7E553BF12EF5FBD100862B45 /* Sources */ = {
			isa = PBXSourcesBuildPhase;
			buildActionMask = 2147483647;
			files = (
				7E553BFB2EF5FBD100862B45 /* ContentView.swift in Sources */,
				7E553BF92EF5FBD100862B45 /* RealTimeChatApp.swift in Sources */,
			);
			runOnlyForDeploymentPostprocessing = 0;
		};
		7E553C012EF5FBD300862B45 /* Sources */ = {
			isa = PBXSourcesBuildPhase;
			buildActionMask = 2147483647;
			files = (
				7E553C0A2EF5FBD300862B45 /* RealTimeChatTests.swift in Sources */,
			);
			runOnlyForDeploymentPostprocessing = 0;
		};
		7E553C0B2EF5FBD300862B45 /* Sources */ = {
			isa = PBXSourcesBuildPhase;
			buildActionMask = 2147483647;
			files = (
				7E553C142EF5FBD300862B45 /* RealTimeChatUITests.swift in Sources */,
				7E553C162EF5FBD300862B45 /* RealTimeChatUITestsLaunchTests.swift in Sources */,
			);
			runOnlyForDeploymentPostprocessing = 0;
		};
/* End PBXSourcesBuildPhase section */

/* Begin PBXTargetDependency section */
		7E553C072EF5FBD300862B45 /* PBXTargetDependency */ = {
			isa = PBXTargetDependency;
			target = 7E553BF42EF5FBD100862B45 /* RealTimeChat */;
			targetProxy = 7E553C062EF5FBD300862B45 /* PBXContainerItemProxy */;
		};
		7E553C112EF5FBD300862B45 /* PBXTargetDependency */ = {
			isa = PBXTargetDependency;
			target = 7E553BF42EF5FBD100862B45 /* RealTimeChat */;
			targetProxy = 7E553C102EF5FBD300862B45 /* PBXContainerItemProxy */;
		};
/* End PBXTargetDependency section */

/* Begin XCBuildConfiguration section */
		7E553C172EF5FBD300862B45 /* Debug */ = {
			isa = XCBuildConfiguration;
			buildSettings = {
				ALWAYS_SEARCH_USER_PATHS = NO;
				CLANG_ANALYZER_NONNULL = YES;
				CLANG_ANALYZER_NUMBER_OBJECT_CONVERSION = YES_AGGRESSIVE;
				CLANG_CXX_LANGUAGE_STANDARD = "gnu++20";
				CLANG_ENABLE_MODULES = YES;
				CLANG_ENABLE_OBJC_ARC = YES;
				CLANG_ENABLE_OBJC_WEAK = YES;
				CLANG_WARN_BLOCK_CAPTURE_AUTORELEASING = YES;
				CLANG_WARN_BOOL_CONVERSION = YES;
				CLANG_WARN_COMMA = YES;
				CLANG_WARN_CONSTANT_CONVERSION = YES;
				CLANG_WARN_DEPRECATED_OBJC_IMPLEMENTATIONS = YES;
				CLANG_WARN_DIRECT_OBJC_ISA_USAGE = YES_ERROR;
				CLANG_WARN_DOCUMENTATION_COMMENTS = YES;
				CLANG_WARN_EMPTY_BODY = YES;
				CLANG_WARN_ENUM_CONVERSION = YES;
				CLANG_WARN_INFINITE_RECURSION = YES;
				CLANG_WARN_INT_CONVERSION = YES;
				CLANG_WARN_NON_LITERAL_NULL_CONVERSION = YES;
				CLANG_WARN_OBJC_IMPLICIT_RETAIN_SELF = YES;
				CLANG_WARN_OBJC_LITERAL_CONVERSION = YES;
				CLANG_WARN_OBJC_ROOT_CLASS = YES_ERROR;
				CLANG_WARN_QUOTED_INCLUDE_IN_FRAMEWORK_HEADER = YES;
				CLANG_WARN_RANGE_LOOP_ANALYSIS = YES;
				CLANG_WARN_STRICT_PROTOTYPES = YES;
				CLANG_WARN_SUSPICIOUS_MOVE = YES;
				CLANG_WARN_UNGUARDED_AVAILABILITY = YES_AGGRESSIVE;
				CLANG_WARN_UNREACHABLE_CODE = YES;
				CLANG_WARN__DUPLICATE_METHOD_MATCH = YES;
				COPY_PHASE_STRIP = NO;
				DEBUG_INFORMATION_FORMAT = dwarf;
				ENABLE_STRICT_OBJC_MSGSEND = YES;
				ENABLE_TESTABILITY = YES;
				GCC_C_LANGUAGE_STANDARD = gnu11;
				GCC_DYNAMIC_NO_PIC = NO;
				GCC_NO_COMMON_BLOCKS = YES;
				GCC_OPTIMIZATION_LEVEL = 0;
				GCC_PREPROCESSOR_DEFINITIONS = (
					"DEBUG=1",
					"$(inherited)",
				);
				GCC_WARN_64_TO_32_BIT_CONVERSION = YES;
				GCC_WARN_ABOUT_RETURN_TYPE = YES_ERROR;
				GCC_WARN_UNDECLARED_SELECTOR = YES;
				GCC_WARN_UNINITIALIZED_AUTOS = YES_AGGRESSIVE;
				GCC_WARN_UNUSED_FUNCTION = YES;
				GCC_WARN_UNUSED_VARIABLE = YES;
				IPHONEOS_DEPLOYMENT_TARGET = 16.4;
				MTL_ENABLE_DEBUG_INFO = INCLUDE_SOURCE;
				MTL_FAST_MATH = YES;
				ONLY_ACTIVE_ARCH = YES;
				SDKROOT = iphoneos;
				SWIFT_ACTIVE_COMPILATION_CONDITIONS = DEBUG;
				SWIFT_OPTIMIZATION_LEVEL = "-Onone";
			};
			name = Debug;
		};
		7E553C182EF5FBD300862B45 /* Release */ = {
			isa = XCBuildConfiguration;
			buildSettings = {
				ALWAYS_SEARCH_USER_PATHS = NO;
				CLANG_ANALYZER_NONNULL = YES;
				CLANG_ANALYZER_NUMBER_OBJECT_CONVERSION = YES_AGGRESSIVE;
				CLANG_CXX_LANGUAGE_STANDARD = "gnu++20";
				CLANG_ENABLE_MODULES = YES;
				CLANG_ENABLE_OBJC_ARC = YES;
				CLANG_ENABLE_OBJC_WEAK = YES;
				CLANG_WARN_BLOCK_CAPTURE_AUTORELEASING = YES;
				CLANG_WARN_BOOL_CONVERSION = YES;
				CLANG_WARN_COMMA = YES;
				CLANG_WARN_CONSTANT_CONVERSION = YES;
				CLANG_WARN_DEPRECATED_OBJC_IMPLEMENTATIONS = YES;
				CLANG_WARN_DIRECT_OBJC_ISA_USAGE = YES_ERROR;
				CLANG_WARN_DOCUMENTATION_COMMENTS = YES;
				CLANG_WARN_EMPTY_BODY = YES;
				CLANG_WARN_ENUM_CONVERSION = YES;
				CLANG_WARN_INFINITE_RECURSION = YES;
				CLANG_WARN_INT_CONVERSION = YES;
				CLANG_WARN_NON_LITERAL_NULL_CONVERSION = YES;
				CLANG_WARN_OBJC_IMPLICIT_RETAIN_SELF = YES;
				CLANG_WARN_OBJC_LITERAL_CONVERSION = YES;
				CLANG_WARN_OBJC_ROOT_CLASS = YES_ERROR;
				CLANG_WARN_QUOTED_INCLUDE_IN_FRAMEWORK_HEADER = YES;
				CLANG_WARN_RANGE_LOOP_ANALYSIS = YES;
				CLANG_WARN_STRICT_PROTOTYPES = YES;
				CLANG_WARN_SUSPICIOUS_MOVE = YES;
				CLANG_WARN_UNGUARDED_AVAILABILITY = YES_AGGRESSIVE;
				CLANG_WARN_UNREACHABLE_CODE = YES;
				CLANG_WARN__DUPLICATE_METHOD_MATCH = YES;
				COPY_PHASE_STRIP = NO;
				DEBUG_INFORMATION_FORMAT = "dwarf-with-dsym";
				ENABLE_NS_ASSERTIONS = NO;
				ENABLE_STRICT_OBJC_MSGSEND = YES;
				GCC_C_LANGUAGE_STANDARD = gnu11;
				GCC_NO_COMMON_BLOCKS = YES;
				GCC_WARN_64_TO_32_BIT_CONVERSION = YES;
				GCC_WARN_ABOUT_RETURN_TYPE = YES_ERROR;
				GCC_WARN_UNDECLARED_SELECTOR = YES;
				GCC_WARN_UNINITIALIZED_AUTOS = YES_AGGRESSIVE;
				GCC_WARN_UNUSED_FUNCTION = YES;
				GCC_WARN_UNUSED_VARIABLE = YES;
				IPHONEOS_DEPLOYMENT_TARGET = 16.4;
				MTL_ENABLE_DEBUG_INFO = NO;
				MTL_FAST_MATH = YES;
				SDKROOT = iphoneos;
				SWIFT_COMPILATION_MODE = wholemodule;
				SWIFT_OPTIMIZATION_LEVEL = "-O";
				VALIDATE_PRODUCT = YES;
			};
			name = Release;
		};
		7E553C1A2EF5FBD300862B45 /* Debug */ = {
			isa = XCBuildConfiguration;
			buildSettings = {
				ASSETCATALOG_COMPILER_APPICON_NAME = AppIcon;
				ASSETCATALOG_COMPILER_GLOBAL_ACCENT_COLOR_NAME = AccentColor;
				CODE_SIGN_STYLE = Automatic;
				CURRENT_PROJECT_VERSION = 1;
				DEVELOPMENT_ASSET_PATHS = "\"RealTimeChat/Preview Content\"";
				DEVELOPMENT_TEAM = B2B4Z75479;
				ENABLE_PREVIEWS = YES;
				GENERATE_INFOPLIST_FILE = YES;
				INFOPLIST_KEY_UIApplicationSceneManifest_Generation = YES;
				INFOPLIST_KEY_UIApplicationSupportsIndirectInputEvents = YES;
				INFOPLIST_KEY_UILaunchScreen_Generation = YES;
				INFOPLIST_KEY_UISupportedInterfaceOrientations_iPad = "UIInterfaceOrientationPortrait UIInterfaceOrientationPortraitUpsideDown UIInterfaceOrientationLandscapeLeft UIInterfaceOrientationLandscapeRight";
				INFOPLIST_KEY_UISupportedInterfaceOrientations_iPhone = "UIInterfaceOrientationPortrait UIInterfaceOrientationLandscapeLeft UIInterfaceOrientationLandscapeRight";
				LD_RUNPATH_SEARCH_PATHS = (
					"$(inherited)",
					"@executable_path/Frameworks",
				);
				MARKETING_VERSION = 1.0;
				PRODUCT_BUNDLE_IDENTIFIER = com.akinniranye.RealTimeChat;
				PRODUCT_NAME = "$(TARGET_NAME)";
				SWIFT_EMIT_LOC_STRINGS = YES;
				SWIFT_VERSION = 5.0;
				TARGETED_DEVICE_FAMILY = "1,2";
			};
			name = Debug;
		};
		7E553C1B2EF5FBD300862B45 /* Release */ = {
			isa = XCBuildConfiguration;
			buildSettings = {
				ASSETCATALOG_COMPILER_APPICON_NAME = AppIcon;
				ASSETCATALOG_COMPILER_GLOBAL_ACCENT_COLOR_NAME = AccentColor;
				CODE_SIGN_STYLE = Automatic;
				CURRENT_PROJECT_VERSION = 1;
				DEVELOPMENT_ASSET_PATHS = "\"RealTimeChat/Preview Content\"";
				DEVELOPMENT_TEAM = B2B4Z75479;
				ENABLE_PREVIEWS = YES;
				GENERATE_INFOPLIST_FILE = YES;
				INFOPLIST_KEY_UIApplicationSceneManifest_Generation = YES;
				INFOPLIST_KEY_UIApplicationSupportsIndirectInputEvents = YES;
				INFOPLIST_KEY_UILaunchScreen_Generation = YES;
				INFOPLIST_KEY_UISupportedInterfaceOrientations_iPad = "UIInterfaceOrientationPortrait UIInterfaceOrientationPortraitUpsideDown UIInterfaceOrientationLandscapeLeft UIInterfaceOrientationLandscapeRight";
				INFOPLIST_KEY_UISupportedInterfaceOrientations_iPhone = "UIInterfaceOrientationPortrait UIInterfaceOrientationLandscapeLeft UIInterfaceOrientationLandscapeRight";
				LD_RUNPATH_SEARCH_PATHS = (
					"$(inherited)",
					"@executable_path/Frameworks",
				);
				MARKETING_VERSION = 1.0;
				PRODUCT_BUNDLE_IDENTIFIER = com.akinniranye.RealTimeChat;
				PRODUCT_NAME = "$(TARGET_NAME)";
				SWIFT_EMIT_LOC_STRINGS = YES;
				SWIFT_VERSION = 5.0;
				TARGETED_DEVICE_FAMILY = "1,2";
			};
			name = Release;
		};
		7E553C1D2EF5FBD300862B45 /* Debug */ = {
			isa = XCBuildConfiguration;
			buildSettings = {
				ALWAYS_EMBED_SWIFT_STANDARD_LIBRARIES = YES;
				BUNDLE_LOADER = "$(TEST_HOST)";
				CODE_SIGN_STYLE = Automatic;
				CURRENT_PROJECT_VERSION = 1;
				GENERATE_INFOPLIST_FILE = YES;
				IPHONEOS_DEPLOYMENT_TARGET = 16.4;
				MARKETING_VERSION = 1.0;
				PRODUCT_BUNDLE_IDENTIFIER = com.akinniranye.RealTimeChatTests;
				PRODUCT_NAME = "$(TARGET_NAME)";
				SWIFT_EMIT_LOC_STRINGS = NO;
				SWIFT_VERSION = 5.0;
				TARGETED_DEVICE_FAMILY = "1,2";
				TEST_HOST = "$(BUILT_PRODUCTS_DIR)/RealTimeChat.app/$(BUNDLE_EXECUTABLE_FOLDER_PATH)/RealTimeChat";
			};
			name = Debug;
		};
		7E553C1E2EF5FBD300862B45 /* Release */ = {
			isa = XCBuildConfiguration;
			buildSettings = {
				ALWAYS_EMBED_SWIFT_STANDARD_LIBRARIES = YES;
				BUNDLE_LOADER = "$(TEST_HOST)";
				CODE_SIGN_STYLE = Automatic;
				CURRENT_PROJECT_VERSION = 1;
				GENERATE_INFOPLIST_FILE = YES;
				IPHONEOS_DEPLOYMENT_TARGET = 16.4;
				MARKETING_VERSION = 1.0;
				PRODUCT_BUNDLE_IDENTIFIER = com.akinniranye.RealTimeChatTests;
				PRODUCT_NAME = "$(TARGET_NAME)";
				SWIFT_EMIT_LOC_STRINGS = NO;
				SWIFT_VERSION = 5.0;
				TARGETED_DEVICE_FAMILY = "1,2";
				TEST_HOST = "$(BUILT_PRODUCTS_DIR)/RealTimeChat.app/$(BUNDLE_EXECUTABLE_FOLDER_PATH)/RealTimeChat";
			};
			name = Release;
		};
		7E553C202EF5FBD300862B45 /* Debug */ = {
			isa = XCBuildConfiguration;
			buildSettings = {
				ALWAYS_EMBED_SWIFT_STANDARD_LIBRARIES = YES;
				CODE_SIGN_STYLE = Automatic;
				CURRENT_PROJECT_VERSION = 1;
				GENERATE_INFOPLIST_FILE = YES;
				MARKETING_VERSION = 1.0;
				PRODUCT_BUNDLE_IDENTIFIER = com.akinniranye.RealTimeChatUITests;
				PRODUCT_NAME = "$(TARGET_NAME)";
				SWIFT_EMIT_LOC_STRINGS = NO;
				SWIFT_VERSION = 5.0;
				TARGETED_DEVICE_FAMILY = "1,2";
				TEST_TARGET_NAME = RealTimeChat;
			};
			name = Debug;
		};
		7E553C212EF5FBD300862B45 /* Release */ = {
			isa = XCBuildConfiguration;
			buildSettings = {
				ALWAYS_EMBED_SWIFT_STANDARD_LIBRARIES = YES;
				CODE_SIGN_STYLE = Automatic;
				CURRENT_PROJECT_VERSION = 1;
				GENERATE_INFOPLIST_FILE = YES;
				MARKETING_VERSION = 1.0;
				PRODUCT_BUNDLE_IDENTIFIER = com.akinniranye.RealTimeChatUITests;
				PRODUCT_NAME = "$(TARGET_NAME)";
				SWIFT_EMIT_LOC_STRINGS = NO;
				SWIFT_VERSION = 5.0;
				TARGETED_DEVICE_FAMILY = "1,2";
				TEST_TARGET_NAME = RealTimeChat;
			};
			name = Release;
		};
/* End XCBuildConfiguration section */

/* Begin XCConfigurationList section */
		7E553BF02EF5FBD100862B45 /* Build configuration list for PBXProject "RealTimeChat" */ = {
			isa = XCConfigurationList;
			buildConfigurations = (
				7E553C172EF5FBD300862B45 /* Debug */,
				7E553C182EF5FBD300862B45 /* Release */,
			);
			defaultConfigurationIsVisible = 0;
			defaultConfigurationName = Release;
		};
		7E553C192EF5FBD300862B45 /* Build configuration list for PBXNativeTarget "RealTimeChat" */ = {
			isa = XCConfigurationList;
			buildConfigurations = (
				7E553C1A2EF5FBD300862B45 /* Debug */,
				7E553C1B2EF5FBD300862B45 /* Release */,
			);
			defaultConfigurationIsVisible = 0;
			defaultConfigurationName = Release;
		};
		7E553C1C2EF5FBD300862B45 /* Build configuration list for PBXNativeTarget "RealTimeChatTests" */ = {
			isa = XCConfigurationList;
			buildConfigurations = (
				7E553C1D2EF5FBD300862B45 /* Debug */,
				7E553C1E2EF5FBD300862B45 /* Release */,
			);
			defaultConfigurationIsVisible = 0;
			defaultConfigurationName = Release;
		};
		7E553C1F2EF5FBD300862B45 /* Build configuration list for PBXNativeTarget "RealTimeChatUITests" */ = {
			isa = XCConfigurationList;
			buildConfigurations = (
				7E553C202EF5FBD300862B45 /* Debug */,
				7E553C212EF5FBD300862B45 /* Release */,
			);
			defaultConfigurationIsVisible = 0;
			defaultConfigurationName = Release;
		};
/* End XCConfigurationList section */
	};
	rootObject = 7E553BED2EF5FBD100862B45 /* Project object */;
}
